{
  "nodes": {
    "flake-utils": {
      "locked": {
        "lastModified": 1644229661,
        "narHash": "sha256-1YdnJAsNy69bpcjuoKdOYQX0YxZBiCYZo4Twxerqv7k=",
        "owner": "numtide",
        "repo": "flake-utils",
        "rev": "3cecb5b042f7f209c56ffd8371b2711a290ec797",
        "type": "github"
      },
      "original": {
        "owner": "numtide",
        "repo": "flake-utils",
        "type": "github"
      }
    },
    "logmich": {
      "inputs": {
        "flake-utils": [
          "flake-utils"
        ],
        "nixpkgs": [
          "nixpkgs"
        ],
        "tinycmmc": [
          "tinycmmc"
        ]
      },
      "locked": {
        "lastModified": 1647108752,
        "narHash": "sha256-l2jWi0/mNVMqXQF3THQPEa9+EubkEW5HXvg2untN4/I=",
        "owner": "logmich",
        "repo": "logmich",
        "rev": "41b8edfd97c2a0834f210bbebe75050f6e336d6f",
        "type": "gitlab"
      },
      "original": {
        "owner": "logmich",
        "repo": "logmich",
        "type": "gitlab"
      }
    },
    "nixpkgs": {
      "locked": {
        "lastModified": 1646933238,
        "narHash": "sha256-RZJnLN0o4B35eTnUc2tEAD12X5TNeeJhhvH3Fd6Pmdo=",
        "owner": "NixOS",
        "repo": "nixpkgs",
        "rev": "bacbfd713b4781a4a82c1f390f8fe21ae3b8b95b",
        "type": "github"
      },
      "original": {
        "owner": "NixOS",
        "ref": "nixos-21.11",
        "repo": "nixpkgs",
        "type": "github"
      }
    },
    "root": {
      "inputs": {
        "flake-utils": "flake-utils",
        "logmich": "logmich",
        "nixpkgs": "nixpkgs",
        "tinycmmc": "tinycmmc",
        "uitest": "uitest"
      }
    },
    "tinycmmc": {
      "inputs": {
        "flake-utils": [
          "flake-utils"
        ],
        "nixpkgs": [
          "nixpkgs"
        ]
      },
      "locked": {
        "lastModified": 1647094963,
        "narHash": "sha256-8FzS0dq3yvzWxO5vjTC5B7xJIflAdVIunQXNpvrq0fM=",
        "owner": "grumbel",
        "repo": "cmake-modules",
        "rev": "84c8ed49605d46d58e6a5dd4e3427a5aa2f32a17",
        "type": "gitlab"
      },
      "original": {
        "owner": "grumbel",
        "repo": "cmake-modules",
        "type": "gitlab"
      }
    },
    "uitest": {
      "inputs": {
        "flake-utils": [
          "flake-utils"
        ],
        "nixpkgs": [
          "nixpkgs"
        ],
        "tinycmmc": [
          "tinycmmc"
        ]
      },
      "locked": {
        "lastModified": 1646596865,
        "narHash": "sha256-TE8IdWdewP0ooun2UyhiIBZymsOWBJxjoC2Q50nHsFA=",
        "owner": "grumbel",
        "repo": "uitest",
        "rev": "728c62b0c3c93486d953c76e385ea6d2da7abd94",
        "type": "gitlab"
      },
      "original": {
        "owner": "grumbel",
        "repo": "uitest",
        "type": "gitlab"
      }
    }
  },
  "root": "root",
  "version": 7
}
