{
  "nodes": {
    "exspcpp": {
      "inputs": {
        "flake-utils": [
          "flake-utils"
        ],
        "nixpkgs": [
          "nixpkgs"
        ],
        "tinycmmc": [
          "tinycmmc"
        ]
      },
      "locked": {
        "lastModified": 1653994242,
        "narHash": "sha256-kTvoriCUW4ptCg5PIR925b2DIgSHuk3l+eBH5rb/Eik=",
        "owner": "grumbel",
        "repo": "exspcpp",
        "rev": "7126617f4aadc230ec53c34d3d9a6a2178679ba8",
        "type": "github"
      },
      "original": {
        "owner": "grumbel",
        "repo": "exspcpp",
        "type": "github"
      }
    },
    "flake-utils": {
      "locked": {
        "lastModified": 1653893745,
        "narHash": "sha256-0jntwV3Z8//YwuOjzhV2sgJJPt+HY6KhU7VZUL0fKZQ=",
        "owner": "numtide",
        "repo": "flake-utils",
        "rev": "1ed9fb1935d260de5fe1c2f7ee0ebaae17ed2fa1",
        "type": "github"
      },
      "original": {
        "owner": "numtide",
        "repo": "flake-utils",
        "type": "github"
      }
    },
    "logmich": {
      "inputs": {
        "flake-utils": [
          "flake-utils"
        ],
        "nixpkgs": [
          "nixpkgs"
        ],
        "tinycmmc": [
          "tinycmmc"
        ]
      },
      "locked": {
        "lastModified": 1653991001,
        "narHash": "sha256-JWlI7nJykeXPkeq4zdUOvcScMnp386UW3tyRQgkxMtk=",
        "owner": "logmich",
        "repo": "logmich",
        "rev": "866b33191bc9378191519b0342ebb1da66142ac2",
        "type": "github"
      },
      "original": {
        "owner": "logmich",
        "repo": "logmich",
        "type": "github"
      }
    },
    "nixpkgs": {
      "locked": {
        "lastModified": 1653920503,
        "narHash": "sha256-BBeCZwZImtjP3oYy4WogkQYy5OxNyfNciVSc1AfZgLQ=",
        "owner": "NixOS",
        "repo": "nixpkgs",
        "rev": "a634c8f6c1fbf9b9730e01764999666f3436f10a",
        "type": "github"
      },
      "original": {
        "owner": "NixOS",
        "ref": "nixos-22.05",
        "repo": "nixpkgs",
        "type": "github"
      }
    },
    "root": {
      "inputs": {
        "exspcpp": "exspcpp",
        "flake-utils": "flake-utils",
        "logmich": "logmich",
        "nixpkgs": "nixpkgs",
        "tinycmmc": "tinycmmc",
        "uitest": "uitest"
      }
    },
    "tinycmmc": {
      "inputs": {
        "flake-utils": [
          "flake-utils"
        ],
        "nixpkgs": [
          "nixpkgs"
        ]
      },
      "locked": {
        "lastModified": 1653988067,
        "narHash": "sha256-UCp9cp8VFU/O4HERCBcSqnaBLQboSmEwDrD7F6FsIxo=",
        "owner": "grumbel",
        "repo": "tinycmmc",
        "rev": "ad3e98dbc86157cce04e60343965970cb812e92e",
        "type": "github"
      },
      "original": {
        "owner": "grumbel",
        "repo": "tinycmmc",
        "type": "github"
      }
    },
    "uitest": {
      "inputs": {
        "flake-utils": [
          "flake-utils"
        ],
        "nixpkgs": [
          "nixpkgs"
        ],
        "tinycmmc": [
          "tinycmmc"
        ]
      },
      "locked": {
        "lastModified": 1653993955,
        "narHash": "sha256-7Y0vgrorD7R6dTTS6Nej0/TYjs8ZaduPzPA/jlNg7q4=",
        "owner": "grumbel",
        "repo": "uitest",
        "rev": "78d62b6a98ce451ed3018f72096e9b1d0ead9324",
        "type": "github"
      },
      "original": {
        "owner": "grumbel",
        "repo": "uitest",
        "type": "github"
      }
    }
  },
  "root": "root",
  "version": 7
}
